
Microsoft Visual Studio Solution File, Format Version 12.00
# Visual Studio 15
VisualStudioVersion = 15.0.27004.2006
MinimumVisualStudioVersion = 10.0.40219.1
Project("{FAE04EC0-301F-11D3-BF4B-00C04F79EFBC}") = "BpTu-3-14-2018", "BpTu-3-14-2018\BpTu-3-14-2018.csproj", "{6C1CFC5D-FB4A-431B-8766-4B9A44AF1783}"
EndProject
Global
	GlobalSection(SolutionConfigurationPlatforms) = preSolution
		Debug|Any CPU = Debug|Any CPU
		Release|Any CPU = Release|Any CPU
	EndGlobalSection
	GlobalSection(ProjectConfigurationPlatforms) = postSolution
		{6C1CFC5D-FB4A-431B-8766-4B9A44AF1783}.Debug|Any CPU.ActiveCfg = Debug|Any CPU
		{6C1CFC5D-FB4A-431B-8766-4B9A44AF1783}.Debug|Any CPU.Build.0 = Debug|Any CPU
		{6C1CFC5D-FB4A-431B-8766-4B9A44AF1783}.Release|Any CPU.ActiveCfg = Release|Any CPU
		{6C1CFC5D-FB4A-431B-8766-4B9A44AF1783}.Release|Any CPU.Build.0 = Release|Any CPU
	EndGlobalSection
	GlobalSection(SolutionProperties) = preSolution
		HideSolutionNode = FALSE
	EndGlobalSection
	GlobalSection(ExtensibilityGlobals) = postSolution
		SolutionGuid = {A275E83D-9131-4BF0-9EB6-E2364A21EA85}
	EndGlobalSection
EndGlobal
